// !$*UTF8*$!
{
	archiveVersion = 1;
	classes = {
	};
	objectVersion = 56;
	objects = {

/* Begin PBXBuildFile section */
		0F672C322B722D7B00DFFF85 /* GoogleService-Info.plist in Resources */ = {isa = PBXBuildFile; fileRef = 0F672C312B722D7B00DFFF85 /* GoogleService-Info.plist */; };
		0F672C352B7230BC00DFFF85 /* FirebaseAnalytics in Frameworks */ = {isa = PBXBuildFile; productRef = 0F672C342B7230BC00DFFF85 /* FirebaseAnalytics */; };
		0F672C372B7230BC00DFFF85 /* FirebaseAuth in Frameworks */ = {isa = PBXBuildFile; productRef = 0F672C362B7230BC00DFFF85 /* FirebaseAuth */; };
		0F672C392B7230BC00DFFF85 /* FirebaseCrashlytics in Frameworks */ = {isa = PBXBuildFile; productRef = 0F672C382B7230BC00DFFF85 /* FirebaseCrashlytics */; };
		0F672C3B2B7230BC00DFFF85 /* FirebaseDatabase in Frameworks */ = {isa = PBXBuildFile; productRef = 0F672C3A2B7230BC00DFFF85 /* FirebaseDatabase */; };
		0F672C3D2B7230BC00DFFF85 /* FirebaseDatabaseSwift in Frameworks */ = {isa = PBXBuildFile; productRef = 0F672C3C2B7230BC00DFFF85 /* FirebaseDatabaseSwift */; };
		0F672C3F2B7230BC00DFFF85 /* FirebaseFirestore in Frameworks */ = {isa = PBXBuildFile; productRef = 0F672C3E2B7230BC00DFFF85 /* FirebaseFirestore */; };
		0F672C412B7230BC00DFFF85 /* FirebaseFirestoreSwift in Frameworks */ = {isa = PBXBuildFile; productRef = 0F672C402B7230BC00DFFF85 /* FirebaseFirestoreSwift */; };
		0F672C432B7230BC00DFFF85 /* FirebaseFunctions in Frameworks */ = {isa = PBXBuildFile; productRef = 0F672C422B7230BC00DFFF85 /* FirebaseFunctions */; };
		0F672C452B7230BC00DFFF85 /* FirebasePerformance in Frameworks */ = {isa = PBXBuildFile; productRef = 0F672C442B7230BC00DFFF85 /* FirebasePerformance */; };
		0F672C472B7230BC00DFFF85 /* FirebaseRemoteConfig in Frameworks */ = {isa = PBXBuildFile; productRef = 0F672C462B7230BC00DFFF85 /* FirebaseRemoteConfig */; };
		0F672C492B7230BC00DFFF85 /* FirebaseRemoteConfigSwift in Frameworks */ = {isa = PBXBuildFile; productRef = 0F672C482B7230BC00DFFF85 /* FirebaseRemoteConfigSwift */; };
		0F672C4B2B7230BC00DFFF85 /* FirebaseStorage in Frameworks */ = {isa = PBXBuildFile; productRef = 0F672C4A2B7230BC00DFFF85 /* FirebaseStorage */; };
		0F672C4D2B7230BC00DFFF85 /* FirebaseStorageCombine-Community in Frameworks */ = {isa = PBXBuildFile; productRef = 0F672C4C2B7230BC00DFFF85 /* FirebaseStorageCombine-Community */; };
		0FBD419A2B68AD3D0070185D /* SignUpModel.swift in Sources */ = {isa = PBXBuildFile; fileRef = 0FBD41992B68AD3D0070185D /* SignUpModel.swift */; };
		0FBD419C2B68AD5F0070185D /* SignUpView.swift in Sources */ = {isa = PBXBuildFile; fileRef = 0FBD419B2B68AD5F0070185D /* SignUpView.swift */; };
		0FBD419E2B68AD790070185D /* LoginModel.swift in Sources */ = {isa = PBXBuildFile; fileRef = 0FBD419D2B68AD790070185D /* LoginModel.swift */; };
		0FBD41A02B68AD7E0070185D /* SignInView.swift in Sources */ = {isa = PBXBuildFile; fileRef = 0FBD419F2B68AD7D0070185D /* SignInView.swift */; };
		0FBD41A62B68F0100070185D /* ContentView.swift in Sources */ = {isa = PBXBuildFile; fileRef = 0FBD41A52B68F0100070185D /* ContentView.swift */; };
		396C97FB2B62117F00850CA4 /* Profile.swift in Sources */ = {isa = PBXBuildFile; fileRef = 396C97FA2B62117F00850CA4 /* Profile.swift */; };
		396C97FD2B68A94600850CA4 /* FloorPlanView.swift in Sources */ = {isa = PBXBuildFile; fileRef = 396C97FC2B68A94600850CA4 /* FloorPlanView.swift */; };
		396C98052B6A3EF000850CA4 /* ViewFloorPlanView.swift in Sources */ = {isa = PBXBuildFile; fileRef = 396C98042B6A3EF000850CA4 /* ViewFloorPlanView.swift */; };
		3985F9272B3D630C005F3208 /* Smart_position_systemApp.swift in Sources */ = {isa = PBXBuildFile; fileRef = 3985F9262B3D630C005F3208 /* Smart_position_systemApp.swift */; };
		3985F92B2B3D630F005F3208 /* Assets.xcassets in Resources */ = {isa = PBXBuildFile; fileRef = 3985F92A2B3D630F005F3208 /* Assets.xcassets */; };
		3985F92E2B3D630F005F3208 /* Preview Assets.xcassets in Resources */ = {isa = PBXBuildFile; fileRef = 3985F92D2B3D630F005F3208 /* Preview Assets.xcassets */; };
		3985F9392B3D651F005F3208 /* DrawParameters.swift in Sources */ = {isa = PBXBuildFile; fileRef = 3985F9352B3D651F005F3208 /* DrawParameters.swift */; };
		3985F93A2B3D651F005F3208 /* FloorPlanScene.swift in Sources */ = {isa = PBXBuildFile; fileRef = 3985F9362B3D651F005F3208 /* FloorPlanScene.swift */; };
		3985F93B2B3D651F005F3208 /* FloorPlanObject.swift in Sources */ = {isa = PBXBuildFile; fileRef = 3985F9372B3D651F005F3208 /* FloorPlanObject.swift */; };
		3985F93C2B3D651F005F3208 /* FloorPlanSurface.swift in Sources */ = {isa = PBXBuildFile; fileRef = 3985F9382B3D651F005F3208 /* FloorPlanSurface.swift */; };
		3985F9412B3D6532005F3208 /* RoomCaptureScanView.swift in Sources */ = {isa = PBXBuildFile; fileRef = 3985F93E2B3D6532005F3208 /* RoomCaptureScanView.swift */; };
		3985F9422B3D6532005F3208 /* RoomCaptureModel.swift in Sources */ = {isa = PBXBuildFile; fileRef = 3985F93F2B3D6532005F3208 /* RoomCaptureModel.swift */; };
		3985F9432B3D6532005F3208 /* RoomCaptureRepresentable.swift in Sources */ = {isa = PBXBuildFile; fileRef = 3985F9402B3D6532005F3208 /* RoomCaptureRepresentable.swift */; };
		3985F9472B3D6550005F3208 /* simd_float4x4+EulerAnglesAndPosition.swift in Sources */ = {isa = PBXBuildFile; fileRef = 3985F9452B3D6550005F3208 /* simd_float4x4+EulerAnglesAndPosition.swift */; };
		3985F9482B3D6550005F3208 /* CGPoint+RotateAround.swift in Sources */ = {isa = PBXBuildFile; fileRef = 3985F9462B3D6550005F3208 /* CGPoint+RotateAround.swift */; };
		3985F94A2B3D6BAF005F3208 /* RoomPlan-2D-Info.plist in Resources */ = {isa = PBXBuildFile; fileRef = 3985F9492B3D6BAE005F3208 /* RoomPlan-2D-Info.plist */; };
		3985F94C2B3D6C30005F3208 /* WelcomeView.swift in Sources */ = {isa = PBXBuildFile; fileRef = 3985F94B2B3D6C30005F3208 /* WelcomeView.swift */; };
/* End PBXBuildFile section */

/* Begin PBXFileReference section */
		0F672C312B722D7B00DFFF85 /* GoogleService-Info.plist */ = {isa = PBXFileReference; fileEncoding = 4; lastKnownFileType = text.plist.xml; name = "GoogleService-Info.plist"; path = "../../../../../../../Downloads/GoogleService-Info.plist"; sourceTree = "<group>"; };
		0FBD41992B68AD3D0070185D /* SignUpModel.swift */ = {isa = PBXFileReference; fileEncoding = 4; lastKnownFileType = sourcecode.swift; path = SignUpModel.swift; sourceTree = "<group>"; };
		0FBD419B2B68AD5F0070185D /* SignUpView.swift */ = {isa = PBXFileReference; fileEncoding = 4; lastKnownFileType = sourcecode.swift; path = SignUpView.swift; sourceTree = "<group>"; };
		0FBD419D2B68AD790070185D /* LoginModel.swift */ = {isa = PBXFileReference; fileEncoding = 4; lastKnownFileType = sourcecode.swift; path = LoginModel.swift; sourceTree = "<group>"; };
		0FBD419F2B68AD7D0070185D /* SignInView.swift */ = {isa = PBXFileReference; fileEncoding = 4; lastKnownFileType = sourcecode.swift; path = SignInView.swift; sourceTree = "<group>"; };
		0FBD41A32B68EB840070185D /* Smart-position-system-Info.plist */ = {isa = PBXFileReference; lastKnownFileType = text.plist; path = "Smart-position-system-Info.plist"; sourceTree = SOURCE_ROOT; };
		0FBD41A52B68F0100070185D /* ContentView.swift */ = {isa = PBXFileReference; lastKnownFileType = sourcecode.swift; path = ContentView.swift; sourceTree = "<group>"; };
		396C97FA2B62117F00850CA4 /* Profile.swift */ = {isa = PBXFileReference; lastKnownFileType = sourcecode.swift; path = Profile.swift; sourceTree = "<group>"; };
		396C97FC2B68A94600850CA4 /* FloorPlanView.swift */ = {isa = PBXFileReference; lastKnownFileType = sourcecode.swift; path = FloorPlanView.swift; sourceTree = "<group>"; };
		396C98042B6A3EF000850CA4 /* ViewFloorPlanView.swift */ = {isa = PBXFileReference; lastKnownFileType = sourcecode.swift; path = ViewFloorPlanView.swift; sourceTree = "<group>"; };
		3985F9232B3D630C005F3208 /* Smart_position_system.app */ = {isa = PBXFileReference; explicitFileType = wrapper.application; includeInIndex = 0; path = Smart_position_system.app; sourceTree = BUILT_PRODUCTS_DIR; };
		3985F9262B3D630C005F3208 /* Smart_position_systemApp.swift */ = {isa = PBXFileReference; lastKnownFileType = sourcecode.swift; path = Smart_position_systemApp.swift; sourceTree = "<group>"; };
		3985F92A2B3D630F005F3208 /* Assets.xcassets */ = {isa = PBXFileReference; lastKnownFileType = folder.assetcatalog; path = Assets.xcassets; sourceTree = "<group>"; };
		3985F92D2B3D630F005F3208 /* Preview Assets.xcassets */ = {isa = PBXFileReference; lastKnownFileType = folder.assetcatalog; path = "Preview Assets.xcassets"; sourceTree = "<group>"; };
		3985F9352B3D651F005F3208 /* DrawParameters.swift */ = {isa = PBXFileReference; fileEncoding = 4; lastKnownFileType = sourcecode.swift; path = DrawParameters.swift; sourceTree = "<group>"; };
		3985F9362B3D651F005F3208 /* FloorPlanScene.swift */ = {isa = PBXFileReference; fileEncoding = 4; lastKnownFileType = sourcecode.swift; path = FloorPlanScene.swift; sourceTree = "<group>"; };
		3985F9372B3D651F005F3208 /* FloorPlanObject.swift */ = {isa = PBXFileReference; fileEncoding = 4; lastKnownFileType = sourcecode.swift; path = FloorPlanObject.swift; sourceTree = "<group>"; };
		3985F9382B3D651F005F3208 /* FloorPlanSurface.swift */ = {isa = PBXFileReference; fileEncoding = 4; lastKnownFileType = sourcecode.swift; path = FloorPlanSurface.swift; sourceTree = "<group>"; };
		3985F93E2B3D6532005F3208 /* RoomCaptureScanView.swift */ = {isa = PBXFileReference; fileEncoding = 4; lastKnownFileType = sourcecode.swift; path = RoomCaptureScanView.swift; sourceTree = "<group>"; };
		3985F93F2B3D6532005F3208 /* RoomCaptureModel.swift */ = {isa = PBXFileReference; fileEncoding = 4; lastKnownFileType = sourcecode.swift; path = RoomCaptureModel.swift; sourceTree = "<group>"; };
		3985F9402B3D6532005F3208 /* RoomCaptureRepresentable.swift */ = {isa = PBXFileReference; fileEncoding = 4; lastKnownFileType = sourcecode.swift; path = RoomCaptureRepresentable.swift; sourceTree = "<group>"; };
		3985F9452B3D6550005F3208 /* simd_float4x4+EulerAnglesAndPosition.swift */ = {isa = PBXFileReference; fileEncoding = 4; lastKnownFileType = sourcecode.swift; path = "simd_float4x4+EulerAnglesAndPosition.swift"; sourceTree = "<group>"; };
		3985F9462B3D6550005F3208 /* CGPoint+RotateAround.swift */ = {isa = PBXFileReference; fileEncoding = 4; lastKnownFileType = sourcecode.swift; path = "CGPoint+RotateAround.swift"; sourceTree = "<group>"; };
		3985F9492B3D6BAE005F3208 /* RoomPlan-2D-Info.plist */ = {isa = PBXFileReference; fileEncoding = 4; lastKnownFileType = text.plist.xml; path = "RoomPlan-2D-Info.plist"; sourceTree = "<group>"; };
		3985F94B2B3D6C30005F3208 /* WelcomeView.swift */ = {isa = PBXFileReference; fileEncoding = 4; lastKnownFileType = sourcecode.swift; path = WelcomeView.swift; sourceTree = "<group>"; };
/* End PBXFileReference section */

/* Begin PBXFrameworksBuildPhase section */
		3985F9202B3D630C005F3208 /* Frameworks */ = {
			isa = PBXFrameworksBuildPhase;
			buildActionMask = 2147483647;
			files = (
				0F672C3D2B7230BC00DFFF85 /* FirebaseDatabaseSwift in Frameworks */,
				0F672C392B7230BC00DFFF85 /* FirebaseCrashlytics in Frameworks */,
				0F672C452B7230BC00DFFF85 /* FirebasePerformance in Frameworks */,
				0F672C4D2B7230BC00DFFF85 /* FirebaseStorageCombine-Community in Frameworks */,
				0F672C352B7230BC00DFFF85 /* FirebaseAnalytics in Frameworks */,
				0F672C432B7230BC00DFFF85 /* FirebaseFunctions in Frameworks */,
				0F672C4B2B7230BC00DFFF85 /* FirebaseStorage in Frameworks */,
				0F672C492B7230BC00DFFF85 /* FirebaseRemoteConfigSwift in Frameworks */,
				0F672C412B7230BC00DFFF85 /* FirebaseFirestoreSwift in Frameworks */,
				0F672C3B2B7230BC00DFFF85 /* FirebaseDatabase in Frameworks */,
				0F672C372B7230BC00DFFF85 /* FirebaseAuth in Frameworks */,
				0F672C3F2B7230BC00DFFF85 /* FirebaseFirestore in Frameworks */,
				0F672C472B7230BC00DFFF85 /* FirebaseRemoteConfig in Frameworks */,
			);
			runOnlyForDeploymentPostprocessing = 0;
		};
/* End PBXFrameworksBuildPhase section */

/* Begin PBXGroup section */
		0FBD415E2B68AA3F0070185D /* Firebase_API */ = {
			isa = PBXGroup;
			children = (
				0F672C312B722D7B00DFFF85 /* GoogleService-Info.plist */,
			);
			path = Firebase_API;
			sourceTree = "<group>";
		};
		0FBD41982B68AC8F0070185D /* Firebase_Login_Units */ = {
			isa = PBXGroup;
			children = (
				0FBD419D2B68AD790070185D /* LoginModel.swift */,
				0FBD419F2B68AD7D0070185D /* SignInView.swift */,
				0FBD419B2B68AD5F0070185D /* SignUpView.swift */,
				0FBD41992B68AD3D0070185D /* SignUpModel.swift */,
				0FBD41A52B68F0100070185D /* ContentView.swift */,
			);
			path = Firebase_Login_Units;
			sourceTree = "<group>";
		};
		3985F91A2B3D630C005F3208 = {
			isa = PBXGroup;
			children = (
				3985F9252B3D630C005F3208 /* Smart_position_system */,
				3985F9242B3D630C005F3208 /* Products */,
			);
			sourceTree = "<group>";
		};
		3985F9242B3D630C005F3208 /* Products */ = {
			isa = PBXGroup;
			children = (
				3985F9232B3D630C005F3208 /* Smart_position_system.app */,
			);
			name = Products;
			sourceTree = "<group>";
		};
		3985F9252B3D630C005F3208 /* Smart_position_system */ = {
			isa = PBXGroup;
			children = (
				0FBD41A32B68EB840070185D /* Smart-position-system-Info.plist */,
				0FBD41982B68AC8F0070185D /* Firebase_Login_Units */,
				0FBD415E2B68AA3F0070185D /* Firebase_API */,
				3985F9442B3D6550005F3208 /* Extensions */,
				3985F94B2B3D6C30005F3208 /* WelcomeView.swift */,
				3985F9492B3D6BAE005F3208 /* RoomPlan-2D-Info.plist */,
				3985F9262B3D630C005F3208 /* Smart_position_systemApp.swift */,
				3985F93D2B3D6532005F3208 /* Room Capture */,
				3985F9342B3D651F005F3208 /* Floor Plan */,
				3985F92A2B3D630F005F3208 /* Assets.xcassets */,
				3985F92C2B3D630F005F3208 /* Preview Content */,
				396C97FA2B62117F00850CA4 /* Profile.swift */,
			);
			path = Smart_position_system;
			sourceTree = "<group>";
		};
		3985F92C2B3D630F005F3208 /* Preview Content */ = {
			isa = PBXGroup;
			children = (
				3985F92D2B3D630F005F3208 /* Preview Assets.xcassets */,
			);
			path = "Preview Content";
			sourceTree = "<group>";
		};
		3985F9342B3D651F005F3208 /* Floor Plan */ = {
			isa = PBXGroup;
			children = (
				3985F9352B3D651F005F3208 /* DrawParameters.swift */,
				3985F9362B3D651F005F3208 /* FloorPlanScene.swift */,
				3985F9372B3D651F005F3208 /* FloorPlanObject.swift */,
				3985F9382B3D651F005F3208 /* FloorPlanSurface.swift */,
			);
			path = "Floor Plan";
			sourceTree = "<group>";
		};
		3985F93D2B3D6532005F3208 /* Room Capture */ = {
			isa = PBXGroup;
			children = (
				3985F93E2B3D6532005F3208 /* RoomCaptureScanView.swift */,
				3985F93F2B3D6532005F3208 /* RoomCaptureModel.swift */,
				3985F9402B3D6532005F3208 /* RoomCaptureRepresentable.swift */,
				396C97FC2B68A94600850CA4 /* FloorPlanView.swift */,
				396C98042B6A3EF000850CA4 /* ViewFloorPlanView.swift */,
			);
			path = "Room Capture";
			sourceTree = "<group>";
		};
		3985F9442B3D6550005F3208 /* Extensions */ = {
			isa = PBXGroup;
			children = (
				3985F9452B3D6550005F3208 /* simd_float4x4+EulerAnglesAndPosition.swift */,
				3985F9462B3D6550005F3208 /* CGPoint+RotateAround.swift */,
			);
			path = Extensions;
			sourceTree = "<group>";
		};
/* End PBXGroup section */

/* Begin PBXNativeTarget section */
		3985F9222B3D630C005F3208 /* Smart_position_system */ = {
			isa = PBXNativeTarget;
			buildConfigurationList = 3985F9312B3D630F005F3208 /* Build configuration list for PBXNativeTarget "Smart_position_system" */;
			buildPhases = (
				3985F91F2B3D630C005F3208 /* Sources */,
				3985F9202B3D630C005F3208 /* Frameworks */,
				3985F9212B3D630C005F3208 /* Resources */,
			);
			buildRules = (
			);
			dependencies = (
			);
			name = Smart_position_system;
			packageProductDependencies = (
				0F672C342B7230BC00DFFF85 /* FirebaseAnalytics */,
				0F672C362B7230BC00DFFF85 /* FirebaseAuth */,
				0F672C382B7230BC00DFFF85 /* FirebaseCrashlytics */,
				0F672C3A2B7230BC00DFFF85 /* FirebaseDatabase */,
				0F672C3C2B7230BC00DFFF85 /* FirebaseDatabaseSwift */,
				0F672C3E2B7230BC00DFFF85 /* FirebaseFirestore */,
				0F672C402B7230BC00DFFF85 /* FirebaseFirestoreSwift */,
				0F672C422B7230BC00DFFF85 /* FirebaseFunctions */,
				0F672C442B7230BC00DFFF85 /* FirebasePerformance */,
				0F672C462B7230BC00DFFF85 /* FirebaseRemoteConfig */,
				0F672C482B7230BC00DFFF85 /* FirebaseRemoteConfigSwift */,
				0F672C4A2B7230BC00DFFF85 /* FirebaseStorage */,
				0F672C4C2B7230BC00DFFF85 /* FirebaseStorageCombine-Community */,
			);
			productName = Smart_position_system;
			productReference = 3985F9232B3D630C005F3208 /* Smart_position_system.app */;
			productType = "com.apple.product-type.application";
		};
/* End PBXNativeTarget section */

/* Begin PBXProject section */
		3985F91B2B3D630C005F3208 /* Project object */ = {
			isa = PBXProject;
			attributes = {
				BuildIndependentTargetsInParallel = 1;
				LastSwiftUpdateCheck = 1510;
				LastUpgradeCheck = 1510;
				TargetAttributes = {
					3985F9222B3D630C005F3208 = {
						CreatedOnToolsVersion = 15.1;
					};
				};
			};
			buildConfigurationList = 3985F91E2B3D630C005F3208 /* Build configuration list for PBXProject "Smart_position_system" */;
			compatibilityVersion = "Xcode 14.0";
			developmentRegion = en;
			hasScannedForEncodings = 0;
			knownRegions = (
				en,
				Base,
			);
			mainGroup = 3985F91A2B3D630C005F3208;
			packageReferences = (
				0F672C332B7230BC00DFFF85 /* XCRemoteSwiftPackageReference "firebase-ios-sdk" */,
			);
			productRefGroup = 3985F9242B3D630C005F3208 /* Products */;
			projectDirPath = "";
			projectRoot = "";
			targets = (
				3985F9222B3D630C005F3208 /* Smart_position_system */,
			);
		};
/* End PBXProject section */

/* Begin PBXResourcesBuildPhase section */
		3985F9212B3D630C005F3208 /* Resources */ = {
			isa = PBXResourcesBuildPhase;
			buildActionMask = 2147483647;
			files = (
				3985F94A2B3D6BAF005F3208 /* RoomPlan-2D-Info.plist in Resources */,
				0F672C322B722D7B00DFFF85 /* GoogleService-Info.plist in Resources */,
				3985F92E2B3D630F005F3208 /* Preview Assets.xcassets in Resources */,
				3985F92B2B3D630F005F3208 /* Assets.xcassets in Resources */,
			);
			runOnlyForDeploymentPostprocessing = 0;
		};
/* End PBXResourcesBuildPhase section */

/* Begin PBXSourcesBuildPhase section */
		3985F91F2B3D630C005F3208 /* Sources */ = {
			isa = PBXSourcesBuildPhase;
			buildActionMask = 2147483647;
			files = (
				0FBD41A02B68AD7E0070185D /* SignInView.swift in Sources */,
				396C98052B6A3EF000850CA4 /* ViewFloorPlanView.swift in Sources */,
				3985F9392B3D651F005F3208 /* DrawParameters.swift in Sources */,
				3985F9412B3D6532005F3208 /* RoomCaptureScanView.swift in Sources */,
				3985F93C2B3D651F005F3208 /* FloorPlanSurface.swift in Sources */,
				396C97FB2B62117F00850CA4 /* Profile.swift in Sources */,
				3985F9482B3D6550005F3208 /* CGPoint+RotateAround.swift in Sources */,
				3985F9432B3D6532005F3208 /* RoomCaptureRepresentable.swift in Sources */,
				0FBD41A62B68F0100070185D /* ContentView.swift in Sources */,
				3985F9422B3D6532005F3208 /* RoomCaptureModel.swift in Sources */,
				0FBD419E2B68AD790070185D /* LoginModel.swift in Sources */,
				3985F94C2B3D6C30005F3208 /* WelcomeView.swift in Sources */,
				3985F93B2B3D651F005F3208 /* FloorPlanObject.swift in Sources */,
				396C97FD2B68A94600850CA4 /* FloorPlanView.swift in Sources */,
				3985F9472B3D6550005F3208 /* simd_float4x4+EulerAnglesAndPosition.swift in Sources */,
				0FBD419C2B68AD5F0070185D /* SignUpView.swift in Sources */,
				0FBD419A2B68AD3D0070185D /* SignUpModel.swift in Sources */,
				3985F93A2B3D651F005F3208 /* FloorPlanScene.swift in Sources */,
				3985F9272B3D630C005F3208 /* Smart_position_systemApp.swift in Sources */,
			);
			runOnlyForDeploymentPostprocessing = 0;
		};
/* End PBXSourcesBuildPhase section */

/* Begin XCBuildConfiguration section */
		3985F92F2B3D630F005F3208 /* Debug */ = {
			isa = XCBuildConfiguration;
			buildSettings = {
				ALWAYS_SEARCH_USER_PATHS = NO;
				ASSETCATALOG_COMPILER_GENERATE_SWIFT_ASSET_SYMBOL_EXTENSIONS = YES;
				CLANG_ANALYZER_NONNULL = YES;
				CLANG_ANALYZER_NUMBER_OBJECT_CONVERSION = YES_AGGRESSIVE;
				CLANG_CXX_LANGUAGE_STANDARD = "gnu++20";
				CLANG_ENABLE_MODULES = YES;
				CLANG_ENABLE_OBJC_ARC = YES;
				CLANG_ENABLE_OBJC_WEAK = YES;
				CLANG_WARN_BLOCK_CAPTURE_AUTORELEASING = YES;
				CLANG_WARN_BOOL_CONVERSION = YES;
				CLANG_WARN_COMMA = YES;
				CLANG_WARN_CONSTANT_CONVERSION = YES;
				CLANG_WARN_DEPRECATED_OBJC_IMPLEMENTATIONS = YES;
				CLANG_WARN_DIRECT_OBJC_ISA_USAGE = YES_ERROR;
				CLANG_WARN_DOCUMENTATION_COMMENTS = YES;
				CLANG_WARN_EMPTY_BODY = YES;
				CLANG_WARN_ENUM_CONVERSION = YES;
				CLANG_WARN_INFINITE_RECURSION = YES;
				CLANG_WARN_INT_CONVERSION = YES;
				CLANG_WARN_NON_LITERAL_NULL_CONVERSION = YES;
				CLANG_WARN_OBJC_IMPLICIT_RETAIN_SELF = YES;
				CLANG_WARN_OBJC_LITERAL_CONVERSION = YES;
				CLANG_WARN_OBJC_ROOT_CLASS = YES_ERROR;
				CLANG_WARN_QUOTED_INCLUDE_IN_FRAMEWORK_HEADER = YES;
				CLANG_WARN_RANGE_LOOP_ANALYSIS = YES;
				CLANG_WARN_STRICT_PROTOTYPES = YES;
				CLANG_WARN_SUSPICIOUS_MOVE = YES;
				CLANG_WARN_UNGUARDED_AVAILABILITY = YES_AGGRESSIVE;
				CLANG_WARN_UNREACHABLE_CODE = YES;
				CLANG_WARN__DUPLICATE_METHOD_MATCH = YES;
				COPY_PHASE_STRIP = NO;
				DEBUG_INFORMATION_FORMAT = dwarf;
				ENABLE_STRICT_OBJC_MSGSEND = YES;
				ENABLE_TESTABILITY = YES;
				ENABLE_USER_SCRIPT_SANDBOXING = YES;
				GCC_C_LANGUAGE_STANDARD = gnu17;
				GCC_DYNAMIC_NO_PIC = NO;
				GCC_NO_COMMON_BLOCKS = YES;
				GCC_OPTIMIZATION_LEVEL = 0;
				GCC_PREPROCESSOR_DEFINITIONS = (
					"DEBUG=1",
					"$(inherited)",
				);
				GCC_WARN_64_TO_32_BIT_CONVERSION = YES;
				GCC_WARN_ABOUT_RETURN_TYPE = YES_ERROR;
				GCC_WARN_UNDECLARED_SELECTOR = YES;
				GCC_WARN_UNINITIALIZED_AUTOS = YES_AGGRESSIVE;
				GCC_WARN_UNUSED_FUNCTION = YES;
				GCC_WARN_UNUSED_VARIABLE = YES;
				IPHONEOS_DEPLOYMENT_TARGET = 17.2;
				LOCALIZATION_PREFERS_STRING_CATALOGS = YES;
				MTL_ENABLE_DEBUG_INFO = INCLUDE_SOURCE;
				MTL_FAST_MATH = YES;
				ONLY_ACTIVE_ARCH = YES;
				SDKROOT = iphoneos;
				SWIFT_ACTIVE_COMPILATION_CONDITIONS = "DEBUG $(inherited)";
				SWIFT_OPTIMIZATION_LEVEL = "-Onone";
			};
			name = Debug;
		};
		3985F9302B3D630F005F3208 /* Release */ = {
			isa = XCBuildConfiguration;
			buildSettings = {
				ALWAYS_SEARCH_USER_PATHS = NO;
				ASSETCATALOG_COMPILER_GENERATE_SWIFT_ASSET_SYMBOL_EXTENSIONS = YES;
				CLANG_ANALYZER_NONNULL = YES;
				CLANG_ANALYZER_NUMBER_OBJECT_CONVERSION = YES_AGGRESSIVE;
				CLANG_CXX_LANGUAGE_STANDARD = "gnu++20";
				CLANG_ENABLE_MODULES = YES;
				CLANG_ENABLE_OBJC_ARC = YES;
				CLANG_ENABLE_OBJC_WEAK = YES;
				CLANG_WARN_BLOCK_CAPTURE_AUTORELEASING = YES;
				CLANG_WARN_BOOL_CONVERSION = YES;
				CLANG_WARN_COMMA = YES;
				CLANG_WARN_CONSTANT_CONVERSION = YES;
				CLANG_WARN_DEPRECATED_OBJC_IMPLEMENTATIONS = YES;
				CLANG_WARN_DIRECT_OBJC_ISA_USAGE = YES_ERROR;
				CLANG_WARN_DOCUMENTATION_COMMENTS = YES;
				CLANG_WARN_EMPTY_BODY = YES;
				CLANG_WARN_ENUM_CONVERSION = YES;
				CLANG_WARN_INFINITE_RECURSION = YES;
				CLANG_WARN_INT_CONVERSION = YES;
				CLANG_WARN_NON_LITERAL_NULL_CONVERSION = YES;
				CLANG_WARN_OBJC_IMPLICIT_RETAIN_SELF = YES;
				CLANG_WARN_OBJC_LITERAL_CONVERSION = YES;
				CLANG_WARN_OBJC_ROOT_CLASS = YES_ERROR;
				CLANG_WARN_QUOTED_INCLUDE_IN_FRAMEWORK_HEADER = YES;
				CLANG_WARN_RANGE_LOOP_ANALYSIS = YES;
				CLANG_WARN_STRICT_PROTOTYPES = YES;
				CLANG_WARN_SUSPICIOUS_MOVE = YES;
				CLANG_WARN_UNGUARDED_AVAILABILITY = YES_AGGRESSIVE;
				CLANG_WARN_UNREACHABLE_CODE = YES;
				CLANG_WARN__DUPLICATE_METHOD_MATCH = YES;
				COPY_PHASE_STRIP = NO;
				DEBUG_INFORMATION_FORMAT = "dwarf-with-dsym";
				ENABLE_NS_ASSERTIONS = NO;
				ENABLE_STRICT_OBJC_MSGSEND = YES;
				ENABLE_USER_SCRIPT_SANDBOXING = YES;
				GCC_C_LANGUAGE_STANDARD = gnu17;
				GCC_NO_COMMON_BLOCKS = YES;
				GCC_WARN_64_TO_32_BIT_CONVERSION = YES;
				GCC_WARN_ABOUT_RETURN_TYPE = YES_ERROR;
				GCC_WARN_UNDECLARED_SELECTOR = YES;
				GCC_WARN_UNINITIALIZED_AUTOS = YES_AGGRESSIVE;
				GCC_WARN_UNUSED_FUNCTION = YES;
				GCC_WARN_UNUSED_VARIABLE = YES;
				IPHONEOS_DEPLOYMENT_TARGET = 17.2;
				LOCALIZATION_PREFERS_STRING_CATALOGS = YES;
				MTL_ENABLE_DEBUG_INFO = NO;
				MTL_FAST_MATH = YES;
				SDKROOT = iphoneos;
				SWIFT_COMPILATION_MODE = wholemodule;
				VALIDATE_PRODUCT = YES;
			};
			name = Release;
		};
		3985F9322B3D630F005F3208 /* Debug */ = {
			isa = XCBuildConfiguration;
			buildSettings = {
				ASSETCATALOG_COMPILER_APPICON_NAME = AppIcon;
				ASSETCATALOG_COMPILER_GLOBAL_ACCENT_COLOR_NAME = AccentColor;
				CODE_SIGN_ENTITLEMENTS = Smart_position_system/Smart_position_system.entitlements;
				CODE_SIGN_STYLE = Automatic;
				CURRENT_PROJECT_VERSION = 1;
				DEVELOPMENT_ASSET_PATHS = "\"Smart_position_system/Preview Content\"";
				DEVELOPMENT_TEAM = B5MK75C8B9;
				ENABLE_PREVIEWS = YES;
				GENERATE_INFOPLIST_FILE = YES;
				INFOPLIST_FILE = "Smart-position-system-Info.plist";
				INFOPLIST_KEY_LSApplicationCategoryType = "";
				INFOPLIST_KEY_NSCameraUsageDescription = "RoomPlan requires the camera to scan a room";
				INFOPLIST_KEY_UIApplicationSceneManifest_Generation = YES;
				INFOPLIST_KEY_UIApplicationSupportsIndirectInputEvents = YES;
				INFOPLIST_KEY_UILaunchScreen_Generation = YES;
				INFOPLIST_KEY_UISupportedInterfaceOrientations_iPad = "UIInterfaceOrientationPortrait UIInterfaceOrientationPortraitUpsideDown UIInterfaceOrientationLandscapeLeft UIInterfaceOrientationLandscapeRight";
				INFOPLIST_KEY_UISupportedInterfaceOrientations_iPhone = "UIInterfaceOrientationPortrait UIInterfaceOrientationLandscapeLeft UIInterfaceOrientationLandscapeRight";
				IPHONEOS_DEPLOYMENT_TARGET = 17.0;
				LD_RUNPATH_SEARCH_PATHS = (
					"$(inherited)",
					"@executable_path/Frameworks",
				);
				MARKETING_VERSION = 1.0;
				PRODUCT_BUNDLE_IDENTIFIER = "edu.self.Smart-position.com";
				PRODUCT_NAME = "$(TARGET_NAME)";
				SWIFT_EMIT_LOC_STRINGS = YES;
				SWIFT_VERSION = 5.0;
				TARGETED_DEVICE_FAMILY = "1,2";
			};
			name = Debug;
		};
		3985F9332B3D630F005F3208 /* Release */ = {
			isa = XCBuildConfiguration;
			buildSettings = {
				ASSETCATALOG_COMPILER_APPICON_NAME = AppIcon;
				ASSETCATALOG_COMPILER_GLOBAL_ACCENT_COLOR_NAME = AccentColor;
				CODE_SIGN_ENTITLEMENTS = Smart_position_system/Smart_position_system.entitlements;
				CODE_SIGN_STYLE = Automatic;
				CURRENT_PROJECT_VERSION = 1;
				DEVELOPMENT_ASSET_PATHS = "\"Smart_position_system/Preview Content\"";
				DEVELOPMENT_TEAM = B5MK75C8B9;
				ENABLE_PREVIEWS = YES;
				GENERATE_INFOPLIST_FILE = YES;
				INFOPLIST_FILE = "Smart-position-system-Info.plist";
				INFOPLIST_KEY_LSApplicationCategoryType = "";
				INFOPLIST_KEY_NSCameraUsageDescription = "RoomPlan requires the camera to scan a room";
				INFOPLIST_KEY_UIApplicationSceneManifest_Generation = YES;
				INFOPLIST_KEY_UIApplicationSupportsIndirectInputEvents = YES;
				INFOPLIST_KEY_UILaunchScreen_Generation = YES;
				INFOPLIST_KEY_UISupportedInterfaceOrientations_iPad = "UIInterfaceOrientationPortrait UIInterfaceOrientationPortraitUpsideDown UIInterfaceOrientationLandscapeLeft UIInterfaceOrientationLandscapeRight";
				INFOPLIST_KEY_UISupportedInterfaceOrientations_iPhone = "UIInterfaceOrientationPortrait UIInterfaceOrientationLandscapeLeft UIInterfaceOrientationLandscapeRight";
				IPHONEOS_DEPLOYMENT_TARGET = 17.0;
				LD_RUNPATH_SEARCH_PATHS = (
					"$(inherited)",
					"@executable_path/Frameworks",
				);
				MARKETING_VERSION = 1.0;
				PRODUCT_BUNDLE_IDENTIFIER = "edu.self.Smart-position.com";
				PRODUCT_NAME = "$(TARGET_NAME)";
				SWIFT_EMIT_LOC_STRINGS = YES;
				SWIFT_VERSION = 5.0;
				TARGETED_DEVICE_FAMILY = "1,2";
			};
			name = Release;
		};
/* End XCBuildConfiguration section */

/* Begin XCConfigurationList section */
		3985F91E2B3D630C005F3208 /* Build configuration list for PBXProject "Smart_position_system" */ = {
			isa = XCConfigurationList;
			buildConfigurations = (
				3985F92F2B3D630F005F3208 /* Debug */,
				3985F9302B3D630F005F3208 /* Release */,
			);
			defaultConfigurationIsVisible = 0;
			defaultConfigurationName = Release;
		};
		3985F9312B3D630F005F3208 /* Build configuration list for PBXNativeTarget "Smart_position_system" */ = {
			isa = XCConfigurationList;
			buildConfigurations = (
				3985F9322B3D630F005F3208 /* Debug */,
				3985F9332B3D630F005F3208 /* Release */,
			);
			defaultConfigurationIsVisible = 0;
			defaultConfigurationName = Release;
		};
/* End XCConfigurationList section */

/* Begin XCRemoteSwiftPackageReference section */
		0F672C332B7230BC00DFFF85 /* XCRemoteSwiftPackageReference "firebase-ios-sdk" */ = {
			isa = XCRemoteSwiftPackageReference;
			repositoryURL = "https://github.com/firebase/firebase-ios-sdk";
			requirement = {
				kind = upToNextMajorVersion;
				minimumVersion = 10.20.0;
			};
		};
/* End XCRemoteSwiftPackageReference section */

/* Begin XCSwiftPackageProductDependency section */
		0F672C342B7230BC00DFFF85 /* FirebaseAnalytics */ = {
			isa = XCSwiftPackageProductDependency;
			package = 0F672C332B7230BC00DFFF85 /* XCRemoteSwiftPackageReference "firebase-ios-sdk" */;
			productName = FirebaseAnalytics;
		};
		0F672C362B7230BC00DFFF85 /* FirebaseAuth */ = {
			isa = XCSwiftPackageProductDependency;
			package = 0F672C332B7230BC00DFFF85 /* XCRemoteSwiftPackageReference "firebase-ios-sdk" */;
			productName = FirebaseAuth;
		};
		0F672C382B7230BC00DFFF85 /* FirebaseCrashlytics */ = {
			isa = XCSwiftPackageProductDependency;
			package = 0F672C332B7230BC00DFFF85 /* XCRemoteSwiftPackageReference "firebase-ios-sdk" */;
			productName = FirebaseCrashlytics;
		};
		0F672C3A2B7230BC00DFFF85 /* FirebaseDatabase */ = {
			isa = XCSwiftPackageProductDependency;
			package = 0F672C332B7230BC00DFFF85 /* XCRemoteSwiftPackageReference "firebase-ios-sdk" */;
			productName = FirebaseDatabase;
		};
		0F672C3C2B7230BC00DFFF85 /* FirebaseDatabaseSwift */ = {
			isa = XCSwiftPackageProductDependency;
			package = 0F672C332B7230BC00DFFF85 /* XCRemoteSwiftPackageReference "firebase-ios-sdk" */;
			productName = FirebaseDatabaseSwift;
		};
		0F672C3E2B7230BC00DFFF85 /* FirebaseFirestore */ = {
			isa = XCSwiftPackageProductDependency;
			package = 0F672C332B7230BC00DFFF85 /* XCRemoteSwiftPackageReference "firebase-ios-sdk" */;
			productName = FirebaseFirestore;
		};
		0F672C402B7230BC00DFFF85 /* FirebaseFirestoreSwift */ = {
			isa = XCSwiftPackageProductDependency;
			package = 0F672C332B7230BC00DFFF85 /* XCRemoteSwiftPackageReference "firebase-ios-sdk" */;
			productName = FirebaseFirestoreSwift;
		};
		0F672C422B7230BC00DFFF85 /* FirebaseFunctions */ = {
			isa = XCSwiftPackageProductDependency;
			package = 0F672C332B7230BC00DFFF85 /* XCRemoteSwiftPackageReference "firebase-ios-sdk" */;
			productName = FirebaseFunctions;
		};
		0F672C442B7230BC00DFFF85 /* FirebasePerformance */ = {
			isa = XCSwiftPackageProductDependency;
			package = 0F672C332B7230BC00DFFF85 /* XCRemoteSwiftPackageReference "firebase-ios-sdk" */;
			productName = FirebasePerformance;
		};
		0F672C462B7230BC00DFFF85 /* FirebaseRemoteConfig */ = {
			isa = XCSwiftPackageProductDependency;
			package = 0F672C332B7230BC00DFFF85 /* XCRemoteSwiftPackageReference "firebase-ios-sdk" */;
			productName = FirebaseRemoteConfig;
		};
		0F672C482B7230BC00DFFF85 /* FirebaseRemoteConfigSwift */ = {
			isa = XCSwiftPackageProductDependency;
			package = 0F672C332B7230BC00DFFF85 /* XCRemoteSwiftPackageReference "firebase-ios-sdk" */;
			productName = FirebaseRemoteConfigSwift;
		};
		0F672C4A2B7230BC00DFFF85 /* FirebaseStorage */ = {
			isa = XCSwiftPackageProductDependency;
			package = 0F672C332B7230BC00DFFF85 /* XCRemoteSwiftPackageReference "firebase-ios-sdk" */;
			productName = FirebaseStorage;
		};
		0F672C4C2B7230BC00DFFF85 /* FirebaseStorageCombine-Community */ = {
			isa = XCSwiftPackageProductDependency;
			package = 0F672C332B7230BC00DFFF85 /* XCRemoteSwiftPackageReference "firebase-ios-sdk" */;
			productName = "FirebaseStorageCombine-Community";
		};
/* End XCSwiftPackageProductDependency section */
	};
	rootObject = 3985F91B2B3D630C005F3208 /* Project object */;
}
